{
  "name": "voxel-engine",
  "version": "0.20.2",
  "lockfileVersion": 1,
  "requires": true,
  "dependencies": {
    "aabb-3d": {
      "version": "0.1.0",
      "resolved": "https://registry.npmjs.org/aabb-3d/-/aabb-3d-0.1.0.tgz",
      "integrity": "sha1-ZRUh0GNLDz9QgWLmuM3snzU5MFM=",
      "requires": {
        "gl-matrix": "2.4.0"
      }
    },
    "atlaspack": {
      "version": "0.2.7",
      "resolved": "https://registry.npmjs.org/atlaspack/-/atlaspack-0.2.7.tgz",
      "integrity": "sha1-jQAIuTNhiPVTNLpXYDhN5phVjQI="
    },
    "collide-3d-tilemap": {
      "version": "1.0.0",
      "resolved": "https://registry.npmjs.org/collide-3d-tilemap/-/collide-3d-tilemap-1.0.0.tgz",
      "integrity": "sha1-LJ1EinMdvZu35mhZvhNz+i4AGoc="
    },
    "deep-equal": {
      "version": "0.0.0",
      "resolved": "https://registry.npmjs.org/deep-equal/-/deep-equal-0.0.0.tgz",
      "integrity": "sha1-mWedO70EcVb81FDT0B7rkGhpHoM=",
      "dev": true
    },
    "defined": {
      "version": "0.0.0",
      "resolved": "https://registry.npmjs.org/defined/-/defined-0.0.0.tgz",
      "integrity": "sha1-817qfXBekzuvE7LwOz+D2SFAOz4=",
      "dev": true
    },
    "domnode": {
      "version": "0.0.3",
      "resolved": "https://registry.npmjs.org/domnode/-/domnode-0.0.3.tgz",
      "integrity": "sha1-qLsNjqjUlEVdDB+yLlZFxk2wxL4=",
      "requires": {
        "mustache": "0.4.0"
      }
    },
    "domnode-dom": {
      "version": "0.0.4",
      "resolved": "https://registry.npmjs.org/domnode-dom/-/domnode-dom-0.0.4.tgz",
      "integrity": "sha1-TGbSbq8eTxr1bt6Fk+xPv82djo8=",
      "requires": {
        "domnode": "0.0.3"
      }
    },
    "drag-stream": {
      "version": "0.0.2",
      "resolved": "https://registry.npmjs.org/drag-stream/-/drag-stream-0.0.2.tgz",
      "integrity": "sha1-UtbkD6S4MXgBSmHlTrJdxJnR+w8=",
      "requires": {
        "domnode-dom": "0.0.4",
        "through": "1.1.2"
      }
    },
    "ever": {
      "version": "0.0.3",
      "resolved": "https://registry.npmjs.org/ever/-/ever-0.0.3.tgz",
      "integrity": "sha1-zqRspV9ZmbS7vTv8deJh1wPGFUM="
    },
    "fullscreen": {
      "version": "0.0.1",
      "resolved": "https://registry.npmjs.org/fullscreen/-/fullscreen-0.0.1.tgz",
      "integrity": "sha1-o2jH9tTV0OpV8CHJJsrlWDcL8E8="
    },
    "gl-matrix": {
      "version": "2.4.0",
      "resolved": "https://registry.npmjs.org/gl-matrix/-/gl-matrix-2.4.0.tgz",
      "integrity": "sha1-IImxMwGinuyCLZ2Z3/wfeO6aPFA="
    },
    "inherits": {
      "version": "2.0.3",
      "resolved": "https://registry.npmjs.org/inherits/-/inherits-2.0.3.tgz",
      "integrity": "sha1-Yzwsg+PaQqUC9SRmAiSA9CCCYd4="
    },
    "interact": {
      "version": "0.0.2",
      "resolved": "https://registry.npmjs.org/interact/-/interact-0.0.2.tgz",
      "integrity": "sha1-SCMEPcy7FFoyBDbK8CkKjLnA+XM=",
      "requires": {
        "drag-stream": "0.0.2",
        "fullscreen": "0.0.1",
        "pointer-lock": "0.0.3"
      }
    },
    "jsonify": {
      "version": "0.0.0",
      "resolved": "https://registry.npmjs.org/jsonify/-/jsonify-0.0.0.tgz",
      "integrity": "sha1-LHS27kHZPKUbe1qu6PUDYx0lKnM=",
      "dev": true
    },
    "kb-controls": {
      "version": "0.2.0",
      "resolved": "https://registry.npmjs.org/kb-controls/-/kb-controls-0.2.0.tgz",
      "integrity": "sha1-tG+kqlz3nJjFAJYKLirqLqd4rD4=",
      "requires": {
        "ever": "0.0.3",
        "vkey": "1.0.1"
      }
    },
    "mustache": {
      "version": "0.4.0",
      "resolved": "https://registry.npmjs.org/mustache/-/mustache-0.4.0.tgz",
      "integrity": "sha1-Ses7xg/UERnFDIeqcGfvY9FZK90="
    },
    "opaque": {
      "version": "0.0.1",
      "resolved": "https://registry.npmjs.org/opaque/-/opaque-0.0.1.tgz",
      "integrity": "sha1-9o1fE6O8ifgvqQH2eetztOFHFc4="
    },
    "pin-it": {
      "version": "0.0.1",
      "resolved": "https://registry.npmjs.org/pin-it/-/pin-it-0.0.1.tgz",
      "integrity": "sha1-z4QQGf++aMocBrSNyhQ2E4VghcI="
    },
    "pointer-lock": {
      "version": "0.0.3",
      "resolved": "https://registry.npmjs.org/pointer-lock/-/pointer-lock-0.0.3.tgz",
      "integrity": "sha1-KwZ1ykgkw95Qly0aKDCb584KNfc="
    },
    "raf": {
      "version": "0.0.1",
      "resolved": "https://registry.npmjs.org/raf/-/raf-0.0.1.tgz",
      "integrity": "sha1-HN2qYFSsfEB+8DcTGVWp1YYZhvw="
    },
    "spatial-events": {
      "version": "1.1.0",
      "resolved": "https://registry.npmjs.org/spatial-events/-/spatial-events-1.1.0.tgz",
      "integrity": "sha1-/fz/v3rYfzaKZaQCN7XIR0jDkgw=",
      "requires": {
        "aabb-3d": "0.1.0"
      }
    },
    "spatial-trigger": {
      "version": "0.0.0",
      "resolved": "https://registry.npmjs.org/spatial-trigger/-/spatial-trigger-0.0.0.tgz",
      "integrity": "sha1-aHlL4ekR5/rmoFpP81ADyB23nFM="
    },
    "tape": {
      "version": "0.2.2",
      "resolved": "https://registry.npmjs.org/tape/-/tape-0.2.2.tgz",
      "integrity": "sha1-ZMz6S37PSgBgAH5hcW1CR4FnFjc=",
      "dev": true,
      "requires": {
        "deep-equal": "0.0.0",
        "defined": "0.0.0",
        "jsonify": "0.0.0"
      }
    },
    "three": {
      "version": "0.87.1",
      "resolved": "https://registry.npmjs.org/three/-/three-0.87.1.tgz",
      "integrity": "sha1-Rmo07cRUNFnO2bnX0na2Uhb+K6g="
    },
    "through": {
      "version": "1.1.2",
      "resolved": "https://registry.npmjs.org/through/-/through-1.1.2.tgz",
      "integrity": "sha1-NEpUJaN3MxTKfg62US+6+vdsC/4="
    },
    "tic": {
      "version": "1.0.0",
      "resolved": "https://registry.npmjs.org/tic/-/tic-1.0.0.tgz",
      "integrity": "sha1-9IH+1+GDjcqKedQ51wFwuWHZZxc="
    },
    "vkey": {
      "version": "1.0.1",
      "resolved": "https://registry.npmjs.org/vkey/-/vkey-1.0.1.tgz",
      "integrity": "sha1-ccVqy3WegDIcldYWwrf8VQWRgcA="
    },
    "voxel": {
      "version": "0.3.1",
      "resolved": "https://registry.npmjs.org/voxel/-/voxel-0.3.1.tgz",
      "integrity": "sha1-qXF6djX+HpQxt48XKBI4Wph3fhs=",
      "requires": {
        "inherits": "1.0.0"
      },
      "dependencies": {
        "inherits": {
          "version": "1.0.0",
          "resolved": "https://registry.npmjs.org/inherits/-/inherits-1.0.0.tgz",
          "integrity": "sha1-OOGXUoW/H3upyE2hArsSdxMirEg="
        }
      }
    },
    "voxel-control": {
      "version": "1.0.0",
      "resolved": "https://registry.npmjs.org/voxel-control/-/voxel-control-1.0.0.tgz",
      "integrity": "sha1-hBgdtIsSK42jW2PgCd7bMf2G6xE="
    },
    "voxel-fakeao": {
      "version": "0.1.1",
      "resolved": "https://registry.npmjs.org/voxel-fakeao/-/voxel-fakeao-0.1.1.tgz",
      "integrity": "sha1-+j1TqlRP3CITGvV5YE/IExfxNdc="
    },
    "voxel-mesh": {
      "version": "0.2.1",
      "resolved": "https://registry.npmjs.org/voxel-mesh/-/voxel-mesh-0.2.1.tgz",
      "integrity": "sha1-a3U55G4IQ13cs+58y2ovUUTuymk="
    },
    "voxel-physical": {
      "version": "0.1.3",
      "resolved": "https://registry.npmjs.org/voxel-physical/-/voxel-physical-0.1.3.tgz",
      "integrity": "sha1-rAr+1h6VFP+zlEanregaQ9IKPN8=",
      "requires": {
        "aabb-3d": "0.0.0",
        "three": "0.87.1"
      },
      "dependencies": {
        "aabb-3d": {
          "version": "0.0.0",
          "resolved": "https://registry.npmjs.org/aabb-3d/-/aabb-3d-0.0.0.tgz",
          "integrity": "sha1-Ij71eYp0fR1d+2VVpMatlC4XGcg=",
          "requires": {
            "gl-matrix": "2.4.0"
          }
        }
      }
    },
    "voxel-raycast": {
      "version": "0.2.1",
      "resolved": "https://registry.npmjs.org/voxel-raycast/-/voxel-raycast-0.2.1.tgz",
      "integrity": "sha1-Yee7Auk0sIJlo+2B42izU7yk+44="
    },
    "voxel-region-change": {
      "version": "0.1.0",
      "resolved": "https://registry.npmjs.org/voxel-region-change/-/voxel-region-change-0.1.0.tgz",
      "integrity": "sha1-/hLTBZEXhpOtfBAogwnILvqlWNw=",
      "requires": {
        "aabb-3d": "0.0.0"
      },
      "dependencies": {
        "aabb-3d": {
          "version": "0.0.0",
          "resolved": "https://registry.npmjs.org/aabb-3d/-/aabb-3d-0.0.0.tgz",
          "integrity": "sha1-Ij71eYp0fR1d+2VVpMatlC4XGcg=",
          "requires": {
            "gl-matrix": "2.4.0"
          }
        }
      }
    },
    "voxel-texture": {
      "version": "0.5.8",
      "resolved": "https://registry.npmjs.org/voxel-texture/-/voxel-texture-0.5.8.tgz",
      "integrity": "sha1-KrgZP9tncDkaRP3fyuIMV1C8NLc=",
      "requires": {
        "atlaspack": "0.2.7",
        "opaque": "0.0.1",
        "tic": "0.2.1",
        "voxel-fakeao": "0.1.1"
      },
      "dependencies": {
        "tic": {
          "version": "0.2.1",
          "resolved": "https://registry.npmjs.org/tic/-/tic-0.2.1.tgz",
          "integrity": "sha1-AyQDNt3inQt8Llok6cwMv1Rh4bE="
        }
      }
    },
    "voxel-view": {
      "version": "0.0.7",
      "resolved": "https://registry.npmjs.org/voxel-view/-/voxel-view-0.0.7.tgz",
      "integrity": "sha1-sZ14Pj5jYYTVH7wFiuD6kVZ3fM8="
    }
  }
}
